
Microsoft Visual Studio Solution File, Format Version 12.00
# Visual Studio Version 16
VisualStudioVersion = 16.0.31911.196
MinimumVisualStudioVersion = 10.0.40219.1
Project("{FAE04EC0-301F-11D3-BF4B-00C04F79EFBC}") = "ASP_Project_MuhammadKhalid", "ASP_Project_MuhammadKhalid.csproj", "{DB0FECC0-6FCB-401C-B162-B8A43BB0E6CB}"
EndProject
Global
	GlobalSection(SolutionConfigurationPlatforms) = preSolution
		Debug|Any CPU = Debug|Any CPU
		Release|Any CPU = Release|Any CPU
	EndGlobalSection
	GlobalSection(ProjectConfigurationPlatforms) = postSolution
		{DB0FECC0-6FCB-401C-B162-B8A43BB0E6CB}.Debug|Any CPU.ActiveCfg = Debug|Any CPU
		{DB0FECC0-6FCB-401C-B162-B8A43BB0E6CB}.Debug|Any CPU.Build.0 = Debug|Any CPU
		{DB0FECC0-6FCB-401C-B162-B8A43BB0E6CB}.Release|Any CPU.ActiveCfg = Release|Any CPU
		{DB0FECC0-6FCB-401C-B162-B8A43BB0E6CB}.Release|Any CPU.Build.0 = Release|Any CPU
	EndGlobalSection
	GlobalSection(SolutionProperties) = preSolution
		HideSolutionNode = FALSE
	EndGlobalSection
	GlobalSection(ExtensibilityGlobals) = postSolution
		SolutionGuid = {6F50778B-FDF1-4748-AE7E-AD32554B2527}
	EndGlobalSection
EndGlobal
